
Microsoft Visual Studio Solution File, Format Version 12.00
# Visual Studio Version 17
VisualStudioVersion = 17.8.34330.188
MinimumVisualStudioVersion = 10.0.40219.1
Project("{9A19103F-16F7-4668-BE54-9A1E7A4F7556}") = "Party_Plugin", "Party_Plugin.csproj", "{FAD55D02-459A-445F-946A-671639DE4261}"
EndProject
Global
	GlobalSection(SolutionConfigurationPlatforms) = preSolution
		Debug|Any CPU = Debug|Any CPU
		Release|Any CPU = Release|Any CPU
	EndGlobalSection
	GlobalSection(ProjectConfigurationPlatforms) = postSolution
		{FAD55D02-459A-445F-946A-671639DE4261}.Debug|Any CPU.ActiveCfg = Debug|Any CPU
		{FAD55D02-459A-445F-946A-671639DE4261}.Debug|Any CPU.Build.0 = Debug|Any CPU
		{FAD55D02-459A-445F-946A-671639DE4261}.Release|Any CPU.ActiveCfg = Release|Any CPU
		{FAD55D02-459A-445F-946A-671639DE4261}.Release|Any CPU.Build.0 = Release|Any CPU
	EndGlobalSection
	GlobalSection(SolutionProperties) = preSolution
		HideSolutionNode = FALSE
	EndGlobalSection
	GlobalSection(ExtensibilityGlobals) = postSolution
		SolutionGuid = {EAF53F63-F496-4835-AA7B-A5395DFF2223}
	EndGlobalSection
EndGlobal
